
Microsoft Visual Studio Solution File, Format Version 12.00
# Visual Studio Version 17
VisualStudioVersion = 17.2.32630.192
MinimumVisualStudioVersion = 10.0.40219.1
Project("{FAE04EC0-301F-11D3-BF4B-00C04F79EFBC}") = "Shape Maker", "Shape Maker\Shape Maker.csproj", "{8A28873F-88C9-48C2-8AFC-164C0D510B77}"
EndProject
Global
	GlobalSection(SolutionConfigurationPlatforms) = preSolution
		Debug|Any CPU = Debug|Any CPU
		Release|Any CPU = Release|Any CPU
	EndGlobalSection
	GlobalSection(ProjectConfigurationPlatforms) = postSolution
		{8A28873F-88C9-48C2-8AFC-164C0D510B77}.Debug|Any CPU.ActiveCfg = Debug|Any CPU
		{8A28873F-88C9-48C2-8AFC-164C0D510B77}.Debug|Any CPU.Build.0 = Debug|Any CPU
		{8A28873F-88C9-48C2-8AFC-164C0D510B77}.Release|Any CPU.ActiveCfg = Release|Any CPU
		{8A28873F-88C9-48C2-8AFC-164C0D510B77}.Release|Any CPU.Build.0 = Release|Any CPU
	EndGlobalSection
	GlobalSection(SolutionProperties) = preSolution
		HideSolutionNode = FALSE
	EndGlobalSection
	GlobalSection(ExtensibilityGlobals) = postSolution
		SolutionGuid = {0DD0DC92-87CA-4B35-8C12-7E4567A0C420}
	EndGlobalSection
EndGlobal
