
Microsoft Visual Studio Solution File, Format Version 12.00
# Visual Studio Version 17
VisualStudioVersion = 17.2.32630.192
MinimumVisualStudioVersion = 10.0.40219.1
Project("{FAE04EC0-301F-11D3-BF4B-00C04F79EFBC}") = "CST-150 Activity_7", "CST-150 Activity_7\CST-150 Activity_7.csproj", "{DC4D5386-00B6-4759-A239-3BD6BB0782F3}"
EndProject
Global
	GlobalSection(SolutionConfigurationPlatforms) = preSolution
		Debug|Any CPU = Debug|Any CPU
		Release|Any CPU = Release|Any CPU
	EndGlobalSection
	GlobalSection(ProjectConfigurationPlatforms) = postSolution
		{DC4D5386-00B6-4759-A239-3BD6BB0782F3}.Debug|Any CPU.ActiveCfg = Debug|Any CPU
		{DC4D5386-00B6-4759-A239-3BD6BB0782F3}.Debug|Any CPU.Build.0 = Debug|Any CPU
		{DC4D5386-00B6-4759-A239-3BD6BB0782F3}.Release|Any CPU.ActiveCfg = Release|Any CPU
		{DC4D5386-00B6-4759-A239-3BD6BB0782F3}.Release|Any CPU.Build.0 = Release|Any CPU
	EndGlobalSection
	GlobalSection(SolutionProperties) = preSolution
		HideSolutionNode = FALSE
	EndGlobalSection
	GlobalSection(ExtensibilityGlobals) = postSolution
		SolutionGuid = {3559FFB2-0054-49CE-8095-3A93039741C2}
	EndGlobalSection
EndGlobal
